
Microsoft Visual Studio Solution File, Format Version 12.00
# Visual Studio Version 17
VisualStudioVersion = 17.9.34728.123
MinimumVisualStudioVersion = 10.0.40219.1
Project("{8BC9CEB8-8B4A-11D0-8D11-00A0C91BC942}") = "primeiro_exercicioFuncoes_LPR", "primeiro_exercicioFuncoes_LPR\primeiro_exercicioFuncoes_LPR.vcxproj", "{E5BDDC49-265C-4B74-896D-FF7DC61A4161}"
EndProject
Global
	GlobalSection(SolutionConfigurationPlatforms) = preSolution
		Debug|x64 = Debug|x64
		Debug|x86 = Debug|x86
		Release|x64 = Release|x64
		Release|x86 = Release|x86
	EndGlobalSection
	GlobalSection(ProjectConfigurationPlatforms) = postSolution
		{E5BDDC49-265C-4B74-896D-FF7DC61A4161}.Debug|x64.ActiveCfg = Debug|x64
		{E5BDDC49-265C-4B74-896D-FF7DC61A4161}.Debug|x64.Build.0 = Debug|x64
		{E5BDDC49-265C-4B74-896D-FF7DC61A4161}.Debug|x86.ActiveCfg = Debug|Win32
		{E5BDDC49-265C-4B74-896D-FF7DC61A4161}.Debug|x86.Build.0 = Debug|Win32
		{E5BDDC49-265C-4B74-896D-FF7DC61A4161}.Release|x64.ActiveCfg = Release|x64
		{E5BDDC49-265C-4B74-896D-FF7DC61A4161}.Release|x64.Build.0 = Release|x64
		{E5BDDC49-265C-4B74-896D-FF7DC61A4161}.Release|x86.ActiveCfg = Release|Win32
		{E5BDDC49-265C-4B74-896D-FF7DC61A4161}.Release|x86.Build.0 = Release|Win32
	EndGlobalSection
	GlobalSection(SolutionProperties) = preSolution
		HideSolutionNode = FALSE
	EndGlobalSection
	GlobalSection(ExtensibilityGlobals) = postSolution
		SolutionGuid = {D857B3F8-9F77-4EA0-8A36-5A83421342C0}
	EndGlobalSection
EndGlobal
